// !$*UTF8*$!
{
	archiveVersion = 1;
	classes = {
	};
	objectVersion = 51;
	objects = {

/* Begin PBXBuildFile section */
		BA6978CB82EFE036A04718DA /* Pods_DemetraProjectIOS.framework in Frameworks */ = {isa = PBXBuildFile; fileRef = AE0BC757B98C68E23B7F0B41 /* Pods_DemetraProjectIOS.framework */; };
		FDF7A0D5233E681F0094A2E3 /* AppDelegate.swift in Sources */ = {isa = PBXBuildFile; fileRef = FDF7A0D4233E681F0094A2E3 /* AppDelegate.swift */; };
		FDF7A0D7233E681F0094A2E3 /* MarketCenterViewController.swift in Sources */ = {isa = PBXBuildFile; fileRef = FDF7A0D6233E681F0094A2E3 /* MarketCenterViewController.swift */; };
		FDF7A0DA233E681F0094A2E3 /* Main.storyboard in Resources */ = {isa = PBXBuildFile; fileRef = FDF7A0D8233E681F0094A2E3 /* Main.storyboard */; };
		FDF7A0DC233E68200094A2E3 /* Assets.xcassets in Resources */ = {isa = PBXBuildFile; fileRef = FDF7A0DB233E68200094A2E3 /* Assets.xcassets */; };
		FDF7A0DF233E68200094A2E3 /* LaunchScreen.storyboard in Resources */ = {isa = PBXBuildFile; fileRef = FDF7A0DD233E68200094A2E3 /* LaunchScreen.storyboard */; };
		FDF7A0E7233E6A450094A2E3 /* SideMenuViewController.swift in Sources */ = {isa = PBXBuildFile; fileRef = FDF7A0E6233E6A450094A2E3 /* SideMenuViewController.swift */; };
		FDF7A0E9233E6A870094A2E3 /* ContainerViewController.swift in Sources */ = {isa = PBXBuildFile; fileRef = FDF7A0E8233E6A870094A2E3 /* ContainerViewController.swift */; };
		FDF7A0EC233E87580094A2E3 /* MenuTableCell.swift in Sources */ = {isa = PBXBuildFile; fileRef = FDF7A0EB233E87580094A2E3 /* MenuTableCell.swift */; };
		FDF7A0EF233E8E450094A2E3 /* MenuModel.swift in Sources */ = {isa = PBXBuildFile; fileRef = FDF7A0EE233E8E450094A2E3 /* MenuModel.swift */; };
		FDF7A0F2233EA0D60094A2E3 /* Restaurant.swift in Sources */ = {isa = PBXBuildFile; fileRef = FDF7A0F1233EA0D60094A2E3 /* Restaurant.swift */; };
		FDF7A0F4233EA1190094A2E3 /* MarketCenter.swift in Sources */ = {isa = PBXBuildFile; fileRef = FDF7A0F3233EA1190094A2E3 /* MarketCenter.swift */; };
		FDF7A0F8233EA2B80094A2E3 /* MarketCenterCell.swift in Sources */ = {isa = PBXBuildFile; fileRef = FDF7A0F7233EA2B80094A2E3 /* MarketCenterCell.swift */; };
		FDF7A0FA233EA6BA0094A2E3 /* RestaurantViewController.swift in Sources */ = {isa = PBXBuildFile; fileRef = FDF7A0F9233EA6BA0094A2E3 /* RestaurantViewController.swift */; };
		FDF7A0FE233EA71B0094A2E3 /* RestaurantCell.swift in Sources */ = {isa = PBXBuildFile; fileRef = FDF7A0FD233EA71B0094A2E3 /* RestaurantCell.swift */; };
/* End PBXBuildFile section */

/* Begin PBXFileReference section */
		0CA63A704661A098A1A12C12 /* Pods-DemetraProjectIOS.debug.xcconfig */ = {isa = PBXFileReference; includeInIndex = 1; lastKnownFileType = text.xcconfig; name = "Pods-DemetraProjectIOS.debug.xcconfig"; path = "Target Support Files/Pods-DemetraProjectIOS/Pods-DemetraProjectIOS.debug.xcconfig"; sourceTree = "<group>"; };
		44204145307A234E5CD19777 /* Pods-DemetraProjectIOS.release.xcconfig */ = {isa = PBXFileReference; includeInIndex = 1; lastKnownFileType = text.xcconfig; name = "Pods-DemetraProjectIOS.release.xcconfig"; path = "Target Support Files/Pods-DemetraProjectIOS/Pods-DemetraProjectIOS.release.xcconfig"; sourceTree = "<group>"; };
		AE0BC757B98C68E23B7F0B41 /* Pods_DemetraProjectIOS.framework */ = {isa = PBXFileReference; explicitFileType = wrapper.framework; includeInIndex = 0; path = Pods_DemetraProjectIOS.framework; sourceTree = BUILT_PRODUCTS_DIR; };
		FDF7A0D1233E681F0094A2E3 /* DemetraProjectIOS.app */ = {isa = PBXFileReference; explicitFileType = wrapper.application; includeInIndex = 0; path = DemetraProjectIOS.app; sourceTree = BUILT_PRODUCTS_DIR; };
		FDF7A0D4233E681F0094A2E3 /* AppDelegate.swift */ = {isa = PBXFileReference; lastKnownFileType = sourcecode.swift; path = AppDelegate.swift; sourceTree = "<group>"; };
		FDF7A0D6233E681F0094A2E3 /* MarketCenterViewController.swift */ = {isa = PBXFileReference; lastKnownFileType = sourcecode.swift; path = MarketCenterViewController.swift; sourceTree = "<group>"; };
		FDF7A0D9233E681F0094A2E3 /* Base */ = {isa = PBXFileReference; lastKnownFileType = file.storyboard; name = Base; path = Base.lproj/Main.storyboard; sourceTree = "<group>"; };
		FDF7A0DB233E68200094A2E3 /* Assets.xcassets */ = {isa = PBXFileReference; lastKnownFileType = folder.assetcatalog; path = Assets.xcassets; sourceTree = "<group>"; };
		FDF7A0DE233E68200094A2E3 /* Base */ = {isa = PBXFileReference; lastKnownFileType = file.storyboard; name = Base; path = Base.lproj/LaunchScreen.storyboard; sourceTree = "<group>"; };
		FDF7A0E0233E68200094A2E3 /* Info.plist */ = {isa = PBXFileReference; lastKnownFileType = text.plist.xml; path = Info.plist; sourceTree = "<group>"; };
		FDF7A0E6233E6A450094A2E3 /* SideMenuViewController.swift */ = {isa = PBXFileReference; lastKnownFileType = sourcecode.swift; path = SideMenuViewController.swift; sourceTree = "<group>"; };
		FDF7A0E8233E6A870094A2E3 /* ContainerViewController.swift */ = {isa = PBXFileReference; lastKnownFileType = sourcecode.swift; path = ContainerViewController.swift; sourceTree = "<group>"; };
		FDF7A0EB233E87580094A2E3 /* MenuTableCell.swift */ = {isa = PBXFileReference; lastKnownFileType = sourcecode.swift; path = MenuTableCell.swift; sourceTree = "<group>"; };
		FDF7A0EE233E8E450094A2E3 /* MenuModel.swift */ = {isa = PBXFileReference; lastKnownFileType = sourcecode.swift; path = MenuModel.swift; sourceTree = "<group>"; };
		FDF7A0F1233EA0D60094A2E3 /* Restaurant.swift */ = {isa = PBXFileReference; lastKnownFileType = sourcecode.swift; path = Restaurant.swift; sourceTree = "<group>"; };
		FDF7A0F3233EA1190094A2E3 /* MarketCenter.swift */ = {isa = PBXFileReference; lastKnownFileType = sourcecode.swift; path = MarketCenter.swift; sourceTree = "<group>"; };
		FDF7A0F7233EA2B80094A2E3 /* MarketCenterCell.swift */ = {isa = PBXFileReference; lastKnownFileType = sourcecode.swift; path = MarketCenterCell.swift; sourceTree = "<group>"; };
		FDF7A0F9233EA6BA0094A2E3 /* RestaurantViewController.swift */ = {isa = PBXFileReference; lastKnownFileType = sourcecode.swift; path = RestaurantViewController.swift; sourceTree = "<group>"; };
		FDF7A0FD233EA71B0094A2E3 /* RestaurantCell.swift */ = {isa = PBXFileReference; lastKnownFileType = sourcecode.swift; path = RestaurantCell.swift; sourceTree = "<group>"; };
/* End PBXFileReference section */

/* Begin PBXFrameworksBuildPhase section */
		FDF7A0CE233E681F0094A2E3 /* Frameworks */ = {
			isa = PBXFrameworksBuildPhase;
			buildActionMask = 2147483647;
			files = (
				BA6978CB82EFE036A04718DA /* Pods_DemetraProjectIOS.framework in Frameworks */,
			);
			runOnlyForDeploymentPostprocessing = 0;
		};
/* End PBXFrameworksBuildPhase section */

/* Begin PBXGroup section */
		266B22DEBA335BA4E639F825 /* Pods */ = {
			isa = PBXGroup;
			children = (
				0CA63A704661A098A1A12C12 /* Pods-DemetraProjectIOS.debug.xcconfig */,
				44204145307A234E5CD19777 /* Pods-DemetraProjectIOS.release.xcconfig */,
			);
			path = Pods;
			sourceTree = "<group>";
		};
		F9E26020166ECC37B947BE31 /* Frameworks */ = {
			isa = PBXGroup;
			children = (
				AE0BC757B98C68E23B7F0B41 /* Pods_DemetraProjectIOS.framework */,
			);
			name = Frameworks;
			sourceTree = "<group>";
		};
		FDF7A0C8233E681F0094A2E3 = {
			isa = PBXGroup;
			children = (
				FDF7A0D3233E681F0094A2E3 /* DemetraProjectIOS */,
				FDF7A0D2233E681F0094A2E3 /* Products */,
				266B22DEBA335BA4E639F825 /* Pods */,
				F9E26020166ECC37B947BE31 /* Frameworks */,
			);
			sourceTree = "<group>";
		};
		FDF7A0D2233E681F0094A2E3 /* Products */ = {
			isa = PBXGroup;
			children = (
				FDF7A0D1233E681F0094A2E3 /* DemetraProjectIOS.app */,
			);
			name = Products;
			sourceTree = "<group>";
		};
		FDF7A0D3233E681F0094A2E3 /* DemetraProjectIOS */ = {
			isa = PBXGroup;
			children = (
				FDF7A0D4233E681F0094A2E3 /* AppDelegate.swift */,
				FDF7A0EA233E6A980094A2E3 /* ViewControllers */,
				FDF7A0ED233E87720094A2E3 /* Views and Cells */,
				FDF7A0F0233E8E600094A2E3 /* Models and Classes */,
				FDF7A0D8233E681F0094A2E3 /* Main.storyboard */,
				FDF7A0DD233E68200094A2E3 /* LaunchScreen.storyboard */,
				FDF7A0DB233E68200094A2E3 /* Assets.xcassets */,
				FDF7A0E0233E68200094A2E3 /* Info.plist */,
			);
			path = DemetraProjectIOS;
			sourceTree = "<group>";
		};
		FDF7A0EA233E6A980094A2E3 /* ViewControllers */ = {
			isa = PBXGroup;
			children = (
				FDF7A0E8233E6A870094A2E3 /* ContainerViewController.swift */,
				FDF7A0D6233E681F0094A2E3 /* MarketCenterViewController.swift */,
				FDF7A0E6233E6A450094A2E3 /* SideMenuViewController.swift */,
				FDF7A0F9233EA6BA0094A2E3 /* RestaurantViewController.swift */,
			);
			path = ViewControllers;
			sourceTree = "<group>";
		};
		FDF7A0ED233E87720094A2E3 /* Views and Cells */ = {
			isa = PBXGroup;
			children = (
				FDF7A0F7233EA2B80094A2E3 /* MarketCenterCell.swift */,
				FDF7A0FD233EA71B0094A2E3 /* RestaurantCell.swift */,
				FDF7A0EB233E87580094A2E3 /* MenuTableCell.swift */,
			);
			path = "Views and Cells";
			sourceTree = "<group>";
		};
		FDF7A0F0233E8E600094A2E3 /* Models and Classes */ = {
			isa = PBXGroup;
			children = (
				FDF7A0F1233EA0D60094A2E3 /* Restaurant.swift */,
				FDF7A0F3233EA1190094A2E3 /* MarketCenter.swift */,
				FDF7A0EE233E8E450094A2E3 /* MenuModel.swift */,
			);
			path = "Models and Classes";
			sourceTree = "<group>";
		};
/* End PBXGroup section */

/* Begin PBXNativeTarget section */
		FDF7A0D0233E681F0094A2E3 /* DemetraProjectIOS */ = {
			isa = PBXNativeTarget;
			buildConfigurationList = FDF7A0E3233E68200094A2E3 /* Build configuration list for PBXNativeTarget "DemetraProjectIOS" */;
			buildPhases = (
				03B0127632E5807CB597BC83 /* [CP] Check Pods Manifest.lock */,
				FDF7A0CD233E681F0094A2E3 /* Sources */,
				FDF7A0CE233E681F0094A2E3 /* Frameworks */,
				FDF7A0CF233E681F0094A2E3 /* Resources */,
				FB7BD6A1D22284B03790DC76 /* [CP] Copy Pods Resources */,
			);
			buildRules = (
			);
			dependencies = (
			);
			name = DemetraProjectIOS;
			productName = DemetraProjectIOS;
			productReference = FDF7A0D1233E681F0094A2E3 /* DemetraProjectIOS.app */;
			productType = "com.apple.product-type.application";
		};
/* End PBXNativeTarget section */

/* Begin PBXProject section */
		FDF7A0C9233E681F0094A2E3 /* Project object */ = {
			isa = PBXProject;
			attributes = {
				LastSwiftUpdateCheck = 1030;
				LastUpgradeCheck = 1030;
				ORGANIZATIONNAME = "Хафизов Руслан";
				TargetAttributes = {
					FDF7A0D0233E681F0094A2E3 = {
						CreatedOnToolsVersion = 10.3;
					};
				};
			};
			buildConfigurationList = FDF7A0CC233E681F0094A2E3 /* Build configuration list for PBXProject "DemetraProjectIOS" */;
			compatibilityVersion = "Xcode 9.3";
			developmentRegion = en;
			hasScannedForEncodings = 0;
			knownRegions = (
				en,
				Base,
			);
			mainGroup = FDF7A0C8233E681F0094A2E3;
			productRefGroup = FDF7A0D2233E681F0094A2E3 /* Products */;
			projectDirPath = "";
			projectRoot = "";
			targets = (
				FDF7A0D0233E681F0094A2E3 /* DemetraProjectIOS */,
			);
		};
/* End PBXProject section */

/* Begin PBXResourcesBuildPhase section */
		FDF7A0CF233E681F0094A2E3 /* Resources */ = {
			isa = PBXResourcesBuildPhase;
			buildActionMask = 2147483647;
			files = (
				FDF7A0DF233E68200094A2E3 /* LaunchScreen.storyboard in Resources */,
				FDF7A0DC233E68200094A2E3 /* Assets.xcassets in Resources */,
				FDF7A0DA233E681F0094A2E3 /* Main.storyboard in Resources */,
			);
			runOnlyForDeploymentPostprocessing = 0;
		};
/* End PBXResourcesBuildPhase section */

/* Begin PBXShellScriptBuildPhase section */
		03B0127632E5807CB597BC83 /* [CP] Check Pods Manifest.lock */ = {
			isa = PBXShellScriptBuildPhase;
			buildActionMask = 2147483647;
			files = (
			);
			inputFileListPaths = (
			);
			inputPaths = (
				"${PODS_PODFILE_DIR_PATH}/Podfile.lock",
				"${PODS_ROOT}/Manifest.lock",
			);
			name = "[CP] Check Pods Manifest.lock";
			outputFileListPaths = (
			);
			outputPaths = (
				"$(DERIVED_FILE_DIR)/Pods-DemetraProjectIOS-checkManifestLockResult.txt",
			);
			runOnlyForDeploymentPostprocessing = 0;
			shellPath = /bin/sh;
			shellScript = "diff \"${PODS_PODFILE_DIR_PATH}/Podfile.lock\" \"${PODS_ROOT}/Manifest.lock\" > /dev/null\nif [ $? != 0 ] ; then\n    # print error to STDERR\n    echo \"error: The sandbox is not in sync with the Podfile.lock. Run 'pod install' or update your CocoaPods installation.\" >&2\n    exit 1\nfi\n# This output is used by Xcode 'outputs' to avoid re-running this script phase.\necho \"SUCCESS\" > \"${SCRIPT_OUTPUT_FILE_0}\"\n";
			showEnvVarsInLog = 0;
		};
		FB7BD6A1D22284B03790DC76 /* [CP] Copy Pods Resources */ = {
			isa = PBXShellScriptBuildPhase;
			buildActionMask = 2147483647;
			files = (
			);
			inputFileListPaths = (
				"${PODS_ROOT}/Target Support Files/Pods-DemetraProjectIOS/Pods-DemetraProjectIOS-resources-${CONFIGURATION}-input-files.xcfilelist",
			);
			name = "[CP] Copy Pods Resources";
			outputFileListPaths = (
				"${PODS_ROOT}/Target Support Files/Pods-DemetraProjectIOS/Pods-DemetraProjectIOS-resources-${CONFIGURATION}-output-files.xcfilelist",
			);
			runOnlyForDeploymentPostprocessing = 0;
			shellPath = /bin/sh;
			shellScript = "\"${PODS_ROOT}/Target Support Files/Pods-DemetraProjectIOS/Pods-DemetraProjectIOS-resources.sh\"\n";
			showEnvVarsInLog = 0;
		};
/* End PBXShellScriptBuildPhase section */

/* Begin PBXSourcesBuildPhase section */
		FDF7A0CD233E681F0094A2E3 /* Sources */ = {
			isa = PBXSourcesBuildPhase;
			buildActionMask = 2147483647;
			files = (
				FDF7A0D7233E681F0094A2E3 /* MarketCenterViewController.swift in Sources */,
				FDF7A0E7233E6A450094A2E3 /* SideMenuViewController.swift in Sources */,
				FDF7A0F4233EA1190094A2E3 /* MarketCenter.swift in Sources */,
				FDF7A0EF233E8E450094A2E3 /* MenuModel.swift in Sources */,
				FDF7A0F2233EA0D60094A2E3 /* Restaurant.swift in Sources */,
				FDF7A0E9233E6A870094A2E3 /* ContainerViewController.swift in Sources */,
				FDF7A0EC233E87580094A2E3 /* MenuTableCell.swift in Sources */,
				FDF7A0F8233EA2B80094A2E3 /* MarketCenterCell.swift in Sources */,
				FDF7A0FE233EA71B0094A2E3 /* RestaurantCell.swift in Sources */,
				FDF7A0FA233EA6BA0094A2E3 /* RestaurantViewController.swift in Sources */,
				FDF7A0D5233E681F0094A2E3 /* AppDelegate.swift in Sources */,
			);
			runOnlyForDeploymentPostprocessing = 0;
		};
/* End PBXSourcesBuildPhase section */

/* Begin PBXVariantGroup section */
		FDF7A0D8233E681F0094A2E3 /* Main.storyboard */ = {
			isa = PBXVariantGroup;
			children = (
				FDF7A0D9233E681F0094A2E3 /* Base */,
			);
			name = Main.storyboard;
			sourceTree = "<group>";
		};
		FDF7A0DD233E68200094A2E3 /* LaunchScreen.storyboard */ = {
			isa = PBXVariantGroup;
			children = (
				FDF7A0DE233E68200094A2E3 /* Base */,
			);
			name = LaunchScreen.storyboard;
			sourceTree = "<group>";
		};
/* End PBXVariantGroup section */

/* Begin XCBuildConfiguration section */
		FDF7A0E1233E68200094A2E3 /* Debug */ = {
			isa = XCBuildConfiguration;
			buildSettings = {
				ALWAYS_SEARCH_USER_PATHS = NO;
				CLANG_ANALYZER_NONNULL = YES;
				CLANG_ANALYZER_NUMBER_OBJECT_CONVERSION = YES_AGGRESSIVE;
				CLANG_CXX_LANGUAGE_STANDARD = "gnu++14";
				CLANG_CXX_LIBRARY = "libc++";
				CLANG_ENABLE_MODULES = YES;
				CLANG_ENABLE_OBJC_ARC = YES;
				CLANG_ENABLE_OBJC_WEAK = YES;
				CLANG_WARN_BLOCK_CAPTURE_AUTORELEASING = YES;
				CLANG_WARN_BOOL_CONVERSION = YES;
				CLANG_WARN_COMMA = YES;
				CLANG_WARN_CONSTANT_CONVERSION = YES;
				CLANG_WARN_DEPRECATED_OBJC_IMPLEMENTATIONS = YES;
				CLANG_WARN_DIRECT_OBJC_ISA_USAGE = YES_ERROR;
				CLANG_WARN_DOCUMENTATION_COMMENTS = YES;
				CLANG_WARN_EMPTY_BODY = YES;
				CLANG_WARN_ENUM_CONVERSION = YES;
				CLANG_WARN_INFINITE_RECURSION = YES;
				CLANG_WARN_INT_CONVERSION = YES;
				CLANG_WARN_NON_LITERAL_NULL_CONVERSION = YES;
				CLANG_WARN_OBJC_IMPLICIT_RETAIN_SELF = YES;
				CLANG_WARN_OBJC_LITERAL_CONVERSION = YES;
				CLANG_WARN_OBJC_ROOT_CLASS = YES_ERROR;
				CLANG_WARN_RANGE_LOOP_ANALYSIS = YES;
				CLANG_WARN_STRICT_PROTOTYPES = YES;
				CLANG_WARN_SUSPICIOUS_MOVE = YES;
				CLANG_WARN_UNGUARDED_AVAILABILITY = YES_AGGRESSIVE;
				CLANG_WARN_UNREACHABLE_CODE = YES;
				CLANG_WARN__DUPLICATE_METHOD_MATCH = YES;
				CODE_SIGN_IDENTITY = "iPhone Developer";
				COPY_PHASE_STRIP = NO;
				DEBUG_INFORMATION_FORMAT = dwarf;
				ENABLE_STRICT_OBJC_MSGSEND = YES;
				ENABLE_TESTABILITY = YES;
				GCC_C_LANGUAGE_STANDARD = gnu11;
				GCC_DYNAMIC_NO_PIC = NO;
				GCC_NO_COMMON_BLOCKS = YES;
				GCC_OPTIMIZATION_LEVEL = 0;
				GCC_PREPROCESSOR_DEFINITIONS = (
					"DEBUG=1",
					"$(inherited)",
				);
				GCC_WARN_64_TO_32_BIT_CONVERSION = YES;
				GCC_WARN_ABOUT_RETURN_TYPE = YES_ERROR;
				GCC_WARN_UNDECLARED_SELECTOR = YES;
				GCC_WARN_UNINITIALIZED_AUTOS = YES_AGGRESSIVE;
				GCC_WARN_UNUSED_FUNCTION = YES;
				GCC_WARN_UNUSED_VARIABLE = YES;
				IPHONEOS_DEPLOYMENT_TARGET = 12.4;
				MTL_ENABLE_DEBUG_INFO = INCLUDE_SOURCE;
				MTL_FAST_MATH = YES;
				ONLY_ACTIVE_ARCH = YES;
				SDKROOT = iphoneos;
				SWIFT_ACTIVE_COMPILATION_CONDITIONS = DEBUG;
				SWIFT_OPTIMIZATION_LEVEL = "-Onone";
			};
			name = Debug;
		};
		FDF7A0E2233E68200094A2E3 /* Release */ = {
			isa = XCBuildConfiguration;
			buildSettings = {
				ALWAYS_SEARCH_USER_PATHS = NO;
				CLANG_ANALYZER_NONNULL = YES;
				CLANG_ANALYZER_NUMBER_OBJECT_CONVERSION = YES_AGGRESSIVE;
				CLANG_CXX_LANGUAGE_STANDARD = "gnu++14";
				CLANG_CXX_LIBRARY = "libc++";
				CLANG_ENABLE_MODULES = YES;
				CLANG_ENABLE_OBJC_ARC = YES;
				CLANG_ENABLE_OBJC_WEAK = YES;
				CLANG_WARN_BLOCK_CAPTURE_AUTORELEASING = YES;
				CLANG_WARN_BOOL_CONVERSION = YES;
				CLANG_WARN_COMMA = YES;
				CLANG_WARN_CONSTANT_CONVERSION = YES;
				CLANG_WARN_DEPRECATED_OBJC_IMPLEMENTATIONS = YES;
				CLANG_WARN_DIRECT_OBJC_ISA_USAGE = YES_ERROR;
				CLANG_WARN_DOCUMENTATION_COMMENTS = YES;
				CLANG_WARN_EMPTY_BODY = YES;
				CLANG_WARN_ENUM_CONVERSION = YES;
				CLANG_WARN_INFINITE_RECURSION = YES;
				CLANG_WARN_INT_CONVERSION = YES;
				CLANG_WARN_NON_LITERAL_NULL_CONVERSION = YES;
				CLANG_WARN_OBJC_IMPLICIT_RETAIN_SELF = YES;
				CLANG_WARN_OBJC_LITERAL_CONVERSION = YES;
				CLANG_WARN_OBJC_ROOT_CLASS = YES_ERROR;
				CLANG_WARN_RANGE_LOOP_ANALYSIS = YES;
				CLANG_WARN_STRICT_PROTOTYPES = YES;
				CLANG_WARN_SUSPICIOUS_MOVE = YES;
				CLANG_WARN_UNGUARDED_AVAILABILITY = YES_AGGRESSIVE;
				CLANG_WARN_UNREACHABLE_CODE = YES;
				CLANG_WARN__DUPLICATE_METHOD_MATCH = YES;
				CODE_SIGN_IDENTITY = "iPhone Developer";
				COPY_PHASE_STRIP = NO;
				DEBUG_INFORMATION_FORMAT = "dwarf-with-dsym";
				ENABLE_NS_ASSERTIONS = NO;
				ENABLE_STRICT_OBJC_MSGSEND = YES;
				GCC_C_LANGUAGE_STANDARD = gnu11;
				GCC_NO_COMMON_BLOCKS = YES;
				GCC_WARN_64_TO_32_BIT_CONVERSION = YES;
				GCC_WARN_ABOUT_RETURN_TYPE = YES_ERROR;
				GCC_WARN_UNDECLARED_SELECTOR = YES;
				GCC_WARN_UNINITIALIZED_AUTOS = YES_AGGRESSIVE;
				GCC_WARN_UNUSED_FUNCTION = YES;
				GCC_WARN_UNUSED_VARIABLE = YES;
				IPHONEOS_DEPLOYMENT_TARGET = 12.4;
				MTL_ENABLE_DEBUG_INFO = NO;
				MTL_FAST_MATH = YES;
				SDKROOT = iphoneos;
				SWIFT_COMPILATION_MODE = wholemodule;
				SWIFT_OPTIMIZATION_LEVEL = "-O";
				VALIDATE_PRODUCT = YES;
			};
			name = Release;
		};
		FDF7A0E4233E68200094A2E3 /* Debug */ = {
			isa = XCBuildConfiguration;
			baseConfigurationReference = 0CA63A704661A098A1A12C12 /* Pods-DemetraProjectIOS.debug.xcconfig */;
			buildSettings = {
				ASSETCATALOG_COMPILER_APPICON_NAME = AppIcon;
				CODE_SIGN_STYLE = Automatic;
				DEVELOPMENT_TEAM = 4PQSUD6E72;
				INFOPLIST_FILE = DemetraProjectIOS/Info.plist;
				LD_RUNPATH_SEARCH_PATHS = (
					"$(inherited)",
					"@executable_path/Frameworks",
				);
				PRODUCT_BUNDLE_IDENTIFIER = piterrus.DemetraProjectIOS;
				PRODUCT_NAME = "$(TARGET_NAME)";
				SWIFT_VERSION = 5.0;
				TARGETED_DEVICE_FAMILY = "1,2";
			};
			name = Debug;
		};
		FDF7A0E5233E68200094A2E3 /* Release */ = {
			isa = XCBuildConfiguration;
			baseConfigurationReference = 44204145307A234E5CD19777 /* Pods-DemetraProjectIOS.release.xcconfig */;
			buildSettings = {
				ASSETCATALOG_COMPILER_APPICON_NAME = AppIcon;
				CODE_SIGN_STYLE = Automatic;
				DEVELOPMENT_TEAM = 4PQSUD6E72;
				INFOPLIST_FILE = DemetraProjectIOS/Info.plist;
				LD_RUNPATH_SEARCH_PATHS = (
					"$(inherited)",
					"@executable_path/Frameworks",
				);
				PRODUCT_BUNDLE_IDENTIFIER = piterrus.DemetraProjectIOS;
				PRODUCT_NAME = "$(TARGET_NAME)";
				SWIFT_VERSION = 5.0;
				TARGETED_DEVICE_FAMILY = "1,2";
			};
			name = Release;
		};
/* End XCBuildConfiguration section */

/* Begin XCConfigurationList section */
		FDF7A0CC233E681F0094A2E3 /* Build configuration list for PBXProject "DemetraProjectIOS" */ = {
			isa = XCConfigurationList;
			buildConfigurations = (
				FDF7A0E1233E68200094A2E3 /* Debug */,
				FDF7A0E2233E68200094A2E3 /* Release */,
			);
			defaultConfigurationIsVisible = 0;
			defaultConfigurationName = Release;
		};
		FDF7A0E3233E68200094A2E3 /* Build configuration list for PBXNativeTarget "DemetraProjectIOS" */ = {
			isa = XCConfigurationList;
			buildConfigurations = (
				FDF7A0E4233E68200094A2E3 /* Debug */,
				FDF7A0E5233E68200094A2E3 /* Release */,
			);
			defaultConfigurationIsVisible = 0;
			defaultConfigurationName = Release;
		};
/* End XCConfigurationList section */
	};
	rootObject = FDF7A0C9233E681F0094A2E3 /* Project object */;
}
